{
  "version": 1,
  "dependencies": {
    "net10.0": {
      "fasterflect": {
        "type": "Direct",
        "requested": "[3.0.0, )",
        "resolved": "3.0.0",
        "contentHash": "nXucxx84mYH+fS9U92a4Ak/MfWP0H204c8D2I64zsOQynnihhavO6HOCUcpp8HfKZMn3aNn01iv1bINnxH7Kow=="
      },
      "McMaster.Extensions.CommandLineUtils": {
        "type": "Direct",
        "requested": "[5.1.0, )",
        "resolved": "5.1.0",
        "contentHash": "YceiKmxdsBrlkAJpmJ2N8XkLyAH01xLsm4VLfjNp5MvtAom2wflZtEBz3CLMQret6Z7jSh3oBO1ULF1Is0tNxA=="
      },
      "Octokit": {
        "type": "Direct",
        "requested": "[14.0.0, )",
        "resolved": "14.0.0",
        "contentHash": "jGOuTH1l+TCpJH+fwYOp7USzHDuGfN1jKbLz3J2COwyn+wL08eynvpnM6rY2qkzIEXum3PN2p2QkP3BW/p9Qcw=="
      },
      "Unfucked": {
        "type": "Direct",
        "requested": "[0.0.1-beta.53, )",
        "resolved": "0.0.1-beta.53",
        "contentHash": "cn/CRmctaDM/gbQhynqxYF0NX0L7fV0dw5TvcqAGhjhB9hNAHw7joP1h/qV+hhl1b1TC0UkfS8JcaysQpBj+VA=="
      },
      "Unfucked.Caching": {
        "type": "Direct",
        "requested": "[0.0.1-beta.6, )",
        "resolved": "0.0.1-beta.6",
        "contentHash": "sM29d8zoe+O0Vv6Q5JJmnRgL0u50xJ34zjkZdLB8rayKAo/pFn7xuLHV3hzMHR52BqVQT/GVGGgkp4Xv0cIpOw=="
      }
    },
    "net10.0/linux-arm": {},
    "net10.0/linux-arm64": {},
    "net10.0/linux-x64": {},
    "net10.0/osx-arm64": {},
    "net10.0/osx-x64": {},
    "net10.0/win-arm64": {},
    "net10.0/win-x64": {}
  }
}